
Microsoft Visual Studio Solution File, Format Version 12.00
# Visual Studio 15
VisualStudioVersion = 15.0.28307.329
MinimumVisualStudioVersion = 10.0.40219.1
Project("{FAE04EC0-301F-11D3-BF4B-00C04F79EFBC}") = "SurukleBirakSqlBaglanti", "SurukleBirakSqlBaglanti\SurukleBirakSqlBaglanti.csproj", "{9D7BEACB-3D3A-4A9E-9488-82E018DA1D0E}"
EndProject
Project("{2150E333-8FDC-42A3-9474-1A3956D46DE8}") = "BaglantiliOrtam", "BaglantiliOrtam", "{ADBDF7F1-173C-4C32-A9E2-C88979B2E941}"
EndProject
Project("{FAE04EC0-301F-11D3-BF4B-00C04F79EFBC}") = "BaglantiIslemleri", "BaglantiIslemleri\BaglantiIslemleri.csproj", "{4B236E01-D429-4ECD-A2FB-F0F96A953ADF}"
EndProject
Project("{FAE04EC0-301F-11D3-BF4B-00C04F79EFBC}") = "ExecuteReader", "ExecuteReader\ExecuteReader.csproj", "{06BA1B72-1087-4658-AE1F-F2FD532ABE2B}"
EndProject
Project("{FAE04EC0-301F-11D3-BF4B-00C04F79EFBC}") = "ExecuteReaderOrnek", "ExecuteReaderOrnek\ExecuteReaderOrnek.csproj", "{8CE63D01-5584-4AE7-A18A-D06A5901B60F}"
EndProject
Project("{FAE04EC0-301F-11D3-BF4B-00C04F79EFBC}") = "AppConfigdenBaglanti", "AppConfigdenBaglanti\AppConfigdenBaglanti.csproj", "{4026AD53-AABE-4E22-AF43-F53C0ACA0A97}"
EndProject
Project("{FAE04EC0-301F-11D3-BF4B-00C04F79EFBC}") = "MarsKullanimi", "MarsKullanimi\MarsKullanimi.csproj", "{EA94D484-C1A5-4BDA-94AC-DD000A0D7BD4}"
EndProject
Project("{FAE04EC0-301F-11D3-BF4B-00C04F79EFBC}") = "ExecuteNonQueryTanim", "ExecuteNonQueryTanim\ExecuteNonQueryTanim.csproj", "{5AFAE3F1-7B79-492D-AD75-D555242FB2FB}"
EndProject
Project("{FAE04EC0-301F-11D3-BF4B-00C04F79EFBC}") = "ExecuteNonQueryOrnek", "ExecuteNonQueryOrnek\ExecuteNonQueryOrnek.csproj", "{390F4E80-5A3A-4CFB-AF22-0459BB39D79D}"
EndProject
Project("{FAE04EC0-301F-11D3-BF4B-00C04F79EFBC}") = "ExecuteScaler", "ExecuteScaler\ExecuteScaler.csproj", "{98C0FED3-1ABB-43E7-AAF8-8BCD71CABC2D}"
EndProject
Project("{FAE04EC0-301F-11D3-BF4B-00C04F79EFBC}") = "SqlInjection", "ExecuteReaderWinOrnek\SqlInjection.csproj", "{BD47DCFD-BC5C-4F02-83EF-6C0A345E510B}"
EndProject
Project("{FAE04EC0-301F-11D3-BF4B-00C04F79EFBC}") = "ParametreKullanimi", "ParametreKullanimi\ParametreKullanimi.csproj", "{0216AB24-2D04-4F40-BDC5-938344EB430E}"
EndProject
Project("{FAE04EC0-301F-11D3-BF4B-00C04F79EFBC}") = "ModeleMapleme", "Ornek\ModeleMapleme.csproj", "{F968FE82-154C-4AFC-B830-588D1D7DE571}"
EndProject
Project("{FAE04EC0-301F-11D3-BF4B-00C04F79EFBC}") = "CRUDOrnegi", "CRUDOrnegi\CRUDOrnegi.csproj", "{197A9D96-29F0-417D-843D-B1F71FB2421D}"
EndProject
Project("{FAE04EC0-301F-11D3-BF4B-00C04F79EFBC}") = "AccessDbIleCalisma", "AccessDbIleCalisma\AccessDbIleCalisma.csproj", "{2492ACBD-EF82-49EE-B2BD-659BE6B64D06}"
EndProject
Project("{FAE04EC0-301F-11D3-BF4B-00C04F79EFBC}") = "OracleDbIleCalisma", "OracleDbIleCalisma\OracleDbIleCalisma.csproj", "{4F5DB0B5-6E90-45C5-8794-6DEA41FC4ED2}"
EndProject
Global
	GlobalSection(SolutionConfigurationPlatforms) = preSolution
		Debug|Any CPU = Debug|Any CPU
		Debug|x64 = Debug|x64
		Release|Any CPU = Release|Any CPU
		Release|x64 = Release|x64
	EndGlobalSection
	GlobalSection(ProjectConfigurationPlatforms) = postSolution
		{9D7BEACB-3D3A-4A9E-9488-82E018DA1D0E}.Debug|Any CPU.ActiveCfg = Debug|Any CPU
		{9D7BEACB-3D3A-4A9E-9488-82E018DA1D0E}.Debug|Any CPU.Build.0 = Debug|Any CPU
		{9D7BEACB-3D3A-4A9E-9488-82E018DA1D0E}.Debug|x64.ActiveCfg = Debug|x64
		{9D7BEACB-3D3A-4A9E-9488-82E018DA1D0E}.Debug|x64.Build.0 = Debug|x64
		{9D7BEACB-3D3A-4A9E-9488-82E018DA1D0E}.Release|Any CPU.ActiveCfg = Release|Any CPU
		{9D7BEACB-3D3A-4A9E-9488-82E018DA1D0E}.Release|Any CPU.Build.0 = Release|Any CPU
		{9D7BEACB-3D3A-4A9E-9488-82E018DA1D0E}.Release|x64.ActiveCfg = Release|x64
		{9D7BEACB-3D3A-4A9E-9488-82E018DA1D0E}.Release|x64.Build.0 = Release|x64
		{4B236E01-D429-4ECD-A2FB-F0F96A953ADF}.Debug|Any CPU.ActiveCfg = Debug|Any CPU
		{4B236E01-D429-4ECD-A2FB-F0F96A953ADF}.Debug|Any CPU.Build.0 = Debug|Any CPU
		{4B236E01-D429-4ECD-A2FB-F0F96A953ADF}.Debug|x64.ActiveCfg = Debug|x64
		{4B236E01-D429-4ECD-A2FB-F0F96A953ADF}.Debug|x64.Build.0 = Debug|x64
		{4B236E01-D429-4ECD-A2FB-F0F96A953ADF}.Release|Any CPU.ActiveCfg = Release|Any CPU
		{4B236E01-D429-4ECD-A2FB-F0F96A953ADF}.Release|Any CPU.Build.0 = Release|Any CPU
		{4B236E01-D429-4ECD-A2FB-F0F96A953ADF}.Release|x64.ActiveCfg = Release|x64
		{4B236E01-D429-4ECD-A2FB-F0F96A953ADF}.Release|x64.Build.0 = Release|x64
		{06BA1B72-1087-4658-AE1F-F2FD532ABE2B}.Debug|Any CPU.ActiveCfg = Debug|Any CPU
		{06BA1B72-1087-4658-AE1F-F2FD532ABE2B}.Debug|Any CPU.Build.0 = Debug|Any CPU
		{06BA1B72-1087-4658-AE1F-F2FD532ABE2B}.Debug|x64.ActiveCfg = Debug|x64
		{06BA1B72-1087-4658-AE1F-F2FD532ABE2B}.Debug|x64.Build.0 = Debug|x64
		{06BA1B72-1087-4658-AE1F-F2FD532ABE2B}.Release|Any CPU.ActiveCfg = Release|Any CPU
		{06BA1B72-1087-4658-AE1F-F2FD532ABE2B}.Release|Any CPU.Build.0 = Release|Any CPU
		{06BA1B72-1087-4658-AE1F-F2FD532ABE2B}.Release|x64.ActiveCfg = Release|x64
		{06BA1B72-1087-4658-AE1F-F2FD532ABE2B}.Release|x64.Build.0 = Release|x64
		{8CE63D01-5584-4AE7-A18A-D06A5901B60F}.Debug|Any CPU.ActiveCfg = Debug|Any CPU
		{8CE63D01-5584-4AE7-A18A-D06A5901B60F}.Debug|Any CPU.Build.0 = Debug|Any CPU
		{8CE63D01-5584-4AE7-A18A-D06A5901B60F}.Debug|x64.ActiveCfg = Debug|x64
		{8CE63D01-5584-4AE7-A18A-D06A5901B60F}.Debug|x64.Build.0 = Debug|x64
		{8CE63D01-5584-4AE7-A18A-D06A5901B60F}.Release|Any CPU.ActiveCfg = Release|Any CPU
		{8CE63D01-5584-4AE7-A18A-D06A5901B60F}.Release|Any CPU.Build.0 = Release|Any CPU
		{8CE63D01-5584-4AE7-A18A-D06A5901B60F}.Release|x64.ActiveCfg = Release|x64
		{8CE63D01-5584-4AE7-A18A-D06A5901B60F}.Release|x64.Build.0 = Release|x64
		{4026AD53-AABE-4E22-AF43-F53C0ACA0A97}.Debug|Any CPU.ActiveCfg = Debug|Any CPU
		{4026AD53-AABE-4E22-AF43-F53C0ACA0A97}.Debug|Any CPU.Build.0 = Debug|Any CPU
		{4026AD53-AABE-4E22-AF43-F53C0ACA0A97}.Debug|x64.ActiveCfg = Debug|x64
		{4026AD53-AABE-4E22-AF43-F53C0ACA0A97}.Debug|x64.Build.0 = Debug|x64
		{4026AD53-AABE-4E22-AF43-F53C0ACA0A97}.Release|Any CPU.ActiveCfg = Release|Any CPU
		{4026AD53-AABE-4E22-AF43-F53C0ACA0A97}.Release|Any CPU.Build.0 = Release|Any CPU
		{4026AD53-AABE-4E22-AF43-F53C0ACA0A97}.Release|x64.ActiveCfg = Release|x64
		{4026AD53-AABE-4E22-AF43-F53C0ACA0A97}.Release|x64.Build.0 = Release|x64
		{EA94D484-C1A5-4BDA-94AC-DD000A0D7BD4}.Debug|Any CPU.ActiveCfg = Debug|Any CPU
		{EA94D484-C1A5-4BDA-94AC-DD000A0D7BD4}.Debug|Any CPU.Build.0 = Debug|Any CPU
		{EA94D484-C1A5-4BDA-94AC-DD000A0D7BD4}.Debug|x64.ActiveCfg = Debug|x64
		{EA94D484-C1A5-4BDA-94AC-DD000A0D7BD4}.Debug|x64.Build.0 = Debug|x64
		{EA94D484-C1A5-4BDA-94AC-DD000A0D7BD4}.Release|Any CPU.ActiveCfg = Release|Any CPU
		{EA94D484-C1A5-4BDA-94AC-DD000A0D7BD4}.Release|Any CPU.Build.0 = Release|Any CPU
		{EA94D484-C1A5-4BDA-94AC-DD000A0D7BD4}.Release|x64.ActiveCfg = Release|x64
		{EA94D484-C1A5-4BDA-94AC-DD000A0D7BD4}.Release|x64.Build.0 = Release|x64
		{5AFAE3F1-7B79-492D-AD75-D555242FB2FB}.Debug|Any CPU.ActiveCfg = Debug|Any CPU
		{5AFAE3F1-7B79-492D-AD75-D555242FB2FB}.Debug|Any CPU.Build.0 = Debug|Any CPU
		{5AFAE3F1-7B79-492D-AD75-D555242FB2FB}.Debug|x64.ActiveCfg = Debug|x64
		{5AFAE3F1-7B79-492D-AD75-D555242FB2FB}.Debug|x64.Build.0 = Debug|x64
		{5AFAE3F1-7B79-492D-AD75-D555242FB2FB}.Release|Any CPU.ActiveCfg = Release|Any CPU
		{5AFAE3F1-7B79-492D-AD75-D555242FB2FB}.Release|Any CPU.Build.0 = Release|Any CPU
		{5AFAE3F1-7B79-492D-AD75-D555242FB2FB}.Release|x64.ActiveCfg = Release|x64
		{5AFAE3F1-7B79-492D-AD75-D555242FB2FB}.Release|x64.Build.0 = Release|x64
		{390F4E80-5A3A-4CFB-AF22-0459BB39D79D}.Debug|Any CPU.ActiveCfg = Debug|Any CPU
		{390F4E80-5A3A-4CFB-AF22-0459BB39D79D}.Debug|Any CPU.Build.0 = Debug|Any CPU
		{390F4E80-5A3A-4CFB-AF22-0459BB39D79D}.Debug|x64.ActiveCfg = Debug|x64
		{390F4E80-5A3A-4CFB-AF22-0459BB39D79D}.Debug|x64.Build.0 = Debug|x64
		{390F4E80-5A3A-4CFB-AF22-0459BB39D79D}.Release|Any CPU.ActiveCfg = Release|Any CPU
		{390F4E80-5A3A-4CFB-AF22-0459BB39D79D}.Release|Any CPU.Build.0 = Release|Any CPU
		{390F4E80-5A3A-4CFB-AF22-0459BB39D79D}.Release|x64.ActiveCfg = Release|x64
		{390F4E80-5A3A-4CFB-AF22-0459BB39D79D}.Release|x64.Build.0 = Release|x64
		{98C0FED3-1ABB-43E7-AAF8-8BCD71CABC2D}.Debug|Any CPU.ActiveCfg = Debug|Any CPU
		{98C0FED3-1ABB-43E7-AAF8-8BCD71CABC2D}.Debug|Any CPU.Build.0 = Debug|Any CPU
		{98C0FED3-1ABB-43E7-AAF8-8BCD71CABC2D}.Debug|x64.ActiveCfg = Debug|x64
		{98C0FED3-1ABB-43E7-AAF8-8BCD71CABC2D}.Debug|x64.Build.0 = Debug|x64
		{98C0FED3-1ABB-43E7-AAF8-8BCD71CABC2D}.Release|Any CPU.ActiveCfg = Release|Any CPU
		{98C0FED3-1ABB-43E7-AAF8-8BCD71CABC2D}.Release|Any CPU.Build.0 = Release|Any CPU
		{98C0FED3-1ABB-43E7-AAF8-8BCD71CABC2D}.Release|x64.ActiveCfg = Release|x64
		{98C0FED3-1ABB-43E7-AAF8-8BCD71CABC2D}.Release|x64.Build.0 = Release|x64
		{BD47DCFD-BC5C-4F02-83EF-6C0A345E510B}.Debug|Any CPU.ActiveCfg = Debug|Any CPU
		{BD47DCFD-BC5C-4F02-83EF-6C0A345E510B}.Debug|Any CPU.Build.0 = Debug|Any CPU
		{BD47DCFD-BC5C-4F02-83EF-6C0A345E510B}.Debug|x64.ActiveCfg = Debug|x64
		{BD47DCFD-BC5C-4F02-83EF-6C0A345E510B}.Debug|x64.Build.0 = Debug|x64
		{BD47DCFD-BC5C-4F02-83EF-6C0A345E510B}.Release|Any CPU.ActiveCfg = Release|Any CPU
		{BD47DCFD-BC5C-4F02-83EF-6C0A345E510B}.Release|Any CPU.Build.0 = Release|Any CPU
		{BD47DCFD-BC5C-4F02-83EF-6C0A345E510B}.Release|x64.ActiveCfg = Release|x64
		{BD47DCFD-BC5C-4F02-83EF-6C0A345E510B}.Release|x64.Build.0 = Release|x64
		{0216AB24-2D04-4F40-BDC5-938344EB430E}.Debug|Any CPU.ActiveCfg = Debug|Any CPU
		{0216AB24-2D04-4F40-BDC5-938344EB430E}.Debug|Any CPU.Build.0 = Debug|Any CPU
		{0216AB24-2D04-4F40-BDC5-938344EB430E}.Debug|x64.ActiveCfg = Debug|x64
		{0216AB24-2D04-4F40-BDC5-938344EB430E}.Debug|x64.Build.0 = Debug|x64
		{0216AB24-2D04-4F40-BDC5-938344EB430E}.Release|Any CPU.ActiveCfg = Release|Any CPU
		{0216AB24-2D04-4F40-BDC5-938344EB430E}.Release|Any CPU.Build.0 = Release|Any CPU
		{0216AB24-2D04-4F40-BDC5-938344EB430E}.Release|x64.ActiveCfg = Release|x64
		{0216AB24-2D04-4F40-BDC5-938344EB430E}.Release|x64.Build.0 = Release|x64
		{F968FE82-154C-4AFC-B830-588D1D7DE571}.Debug|Any CPU.ActiveCfg = Debug|Any CPU
		{F968FE82-154C-4AFC-B830-588D1D7DE571}.Debug|Any CPU.Build.0 = Debug|Any CPU
		{F968FE82-154C-4AFC-B830-588D1D7DE571}.Debug|x64.ActiveCfg = Debug|x64
		{F968FE82-154C-4AFC-B830-588D1D7DE571}.Debug|x64.Build.0 = Debug|x64
		{F968FE82-154C-4AFC-B830-588D1D7DE571}.Release|Any CPU.ActiveCfg = Release|Any CPU
		{F968FE82-154C-4AFC-B830-588D1D7DE571}.Release|Any CPU.Build.0 = Release|Any CPU
		{F968FE82-154C-4AFC-B830-588D1D7DE571}.Release|x64.ActiveCfg = Release|x64
		{F968FE82-154C-4AFC-B830-588D1D7DE571}.Release|x64.Build.0 = Release|x64
		{197A9D96-29F0-417D-843D-B1F71FB2421D}.Debug|Any CPU.ActiveCfg = Debug|Any CPU
		{197A9D96-29F0-417D-843D-B1F71FB2421D}.Debug|Any CPU.Build.0 = Debug|Any CPU
		{197A9D96-29F0-417D-843D-B1F71FB2421D}.Debug|x64.ActiveCfg = Debug|x64
		{197A9D96-29F0-417D-843D-B1F71FB2421D}.Debug|x64.Build.0 = Debug|x64
		{197A9D96-29F0-417D-843D-B1F71FB2421D}.Release|Any CPU.ActiveCfg = Release|Any CPU
		{197A9D96-29F0-417D-843D-B1F71FB2421D}.Release|Any CPU.Build.0 = Release|Any CPU
		{197A9D96-29F0-417D-843D-B1F71FB2421D}.Release|x64.ActiveCfg = Release|x64
		{197A9D96-29F0-417D-843D-B1F71FB2421D}.Release|x64.Build.0 = Release|x64
		{2492ACBD-EF82-49EE-B2BD-659BE6B64D06}.Debug|Any CPU.ActiveCfg = Debug|Any CPU
		{2492ACBD-EF82-49EE-B2BD-659BE6B64D06}.Debug|Any CPU.Build.0 = Debug|Any CPU
		{2492ACBD-EF82-49EE-B2BD-659BE6B64D06}.Debug|x64.ActiveCfg = Debug|x64
		{2492ACBD-EF82-49EE-B2BD-659BE6B64D06}.Debug|x64.Build.0 = Debug|x64
		{2492ACBD-EF82-49EE-B2BD-659BE6B64D06}.Release|Any CPU.ActiveCfg = Release|Any CPU
		{2492ACBD-EF82-49EE-B2BD-659BE6B64D06}.Release|Any CPU.Build.0 = Release|Any CPU
		{2492ACBD-EF82-49EE-B2BD-659BE6B64D06}.Release|x64.ActiveCfg = Release|x64
		{2492ACBD-EF82-49EE-B2BD-659BE6B64D06}.Release|x64.Build.0 = Release|x64
		{4F5DB0B5-6E90-45C5-8794-6DEA41FC4ED2}.Debug|Any CPU.ActiveCfg = Debug|Any CPU
		{4F5DB0B5-6E90-45C5-8794-6DEA41FC4ED2}.Debug|Any CPU.Build.0 = Debug|Any CPU
		{4F5DB0B5-6E90-45C5-8794-6DEA41FC4ED2}.Debug|x64.ActiveCfg = Debug|x64
		{4F5DB0B5-6E90-45C5-8794-6DEA41FC4ED2}.Debug|x64.Build.0 = Debug|x64
		{4F5DB0B5-6E90-45C5-8794-6DEA41FC4ED2}.Release|Any CPU.ActiveCfg = Release|Any CPU
		{4F5DB0B5-6E90-45C5-8794-6DEA41FC4ED2}.Release|Any CPU.Build.0 = Release|Any CPU
		{4F5DB0B5-6E90-45C5-8794-6DEA41FC4ED2}.Release|x64.ActiveCfg = Release|x64
		{4F5DB0B5-6E90-45C5-8794-6DEA41FC4ED2}.Release|x64.Build.0 = Release|x64
	EndGlobalSection
	GlobalSection(SolutionProperties) = preSolution
		HideSolutionNode = FALSE
	EndGlobalSection
	GlobalSection(NestedProjects) = preSolution
		{4B236E01-D429-4ECD-A2FB-F0F96A953ADF} = {ADBDF7F1-173C-4C32-A9E2-C88979B2E941}
		{06BA1B72-1087-4658-AE1F-F2FD532ABE2B} = {ADBDF7F1-173C-4C32-A9E2-C88979B2E941}
		{8CE63D01-5584-4AE7-A18A-D06A5901B60F} = {ADBDF7F1-173C-4C32-A9E2-C88979B2E941}
		{4026AD53-AABE-4E22-AF43-F53C0ACA0A97} = {ADBDF7F1-173C-4C32-A9E2-C88979B2E941}
		{EA94D484-C1A5-4BDA-94AC-DD000A0D7BD4} = {ADBDF7F1-173C-4C32-A9E2-C88979B2E941}
		{5AFAE3F1-7B79-492D-AD75-D555242FB2FB} = {ADBDF7F1-173C-4C32-A9E2-C88979B2E941}
		{390F4E80-5A3A-4CFB-AF22-0459BB39D79D} = {ADBDF7F1-173C-4C32-A9E2-C88979B2E941}
		{98C0FED3-1ABB-43E7-AAF8-8BCD71CABC2D} = {ADBDF7F1-173C-4C32-A9E2-C88979B2E941}
		{BD47DCFD-BC5C-4F02-83EF-6C0A345E510B} = {ADBDF7F1-173C-4C32-A9E2-C88979B2E941}
		{0216AB24-2D04-4F40-BDC5-938344EB430E} = {ADBDF7F1-173C-4C32-A9E2-C88979B2E941}
		{F968FE82-154C-4AFC-B830-588D1D7DE571} = {ADBDF7F1-173C-4C32-A9E2-C88979B2E941}
		{197A9D96-29F0-417D-843D-B1F71FB2421D} = {ADBDF7F1-173C-4C32-A9E2-C88979B2E941}
		{2492ACBD-EF82-49EE-B2BD-659BE6B64D06} = {ADBDF7F1-173C-4C32-A9E2-C88979B2E941}
		{4F5DB0B5-6E90-45C5-8794-6DEA41FC4ED2} = {ADBDF7F1-173C-4C32-A9E2-C88979B2E941}
	EndGlobalSection
	GlobalSection(ExtensibilityGlobals) = postSolution
		SolutionGuid = {944BCC7B-6F5C-4675-9448-46BCB8EFF790}
	EndGlobalSection
EndGlobal
